
Microsoft Visual Studio Solution File, Format Version 12.00
# Visual Studio 15
VisualStudioVersion = 15.0.28307.329
MinimumVisualStudioVersion = 10.0.40219.1
Project("{9A19103F-16F7-4668-BE54-9A1E7A4F7556}") = "NCoreEventServer", "src\NCoreEventServer\NCoreEventServer.csproj", "{F0335E65-8D06-4B0C-9047-85D12D976F43}"
EndProject
Project("{9A19103F-16F7-4668-BE54-9A1E7A4F7556}") = "TestHost", "host\TestHost\TestHost.csproj", "{6D28BA6C-34FA-4395-A7CD-F90DF07BDF07}"
EndProject
Project("{2150E333-8FDC-42A3-9474-1A3956D46DE8}") = "Hosts", "Hosts", "{1674D169-2706-456C-94BB-1543437A97F1}"
EndProject
Project("{9A19103F-16F7-4668-BE54-9A1E7A4F7556}") = "EventHost", "host\EventHost\EventHost.csproj", "{B798E56E-C1A4-4D9A-BE34-E8B2D99EBA21}"
EndProject
Project("{9A19103F-16F7-4668-BE54-9A1E7A4F7556}") = "NCoreEventClient", "src\NCoreEventClient\NCoreEventClient.csproj", "{373E3F78-FF0F-4D9C-88E4-C5B3C98959F7}"
EndProject
Project("{2150E333-8FDC-42A3-9474-1A3956D46DE8}") = "Tests", "Tests", "{45E63502-43AE-49A3-BD2B-E3867EC9EE13}"
EndProject
Project("{9A19103F-16F7-4668-BE54-9A1E7A4F7556}") = "NCoreEventServerTests", "test\NCoreEventServerTests\NCoreEventServerTests.csproj", "{F3EAB510-DB59-424C-8338-D6E1AE2E18EB}"
EndProject
Project("{9A19103F-16F7-4668-BE54-9A1E7A4F7556}") = "NCoreEvent", "src\NCoreEvent\NCoreEvent.csproj", "{952986EE-86DC-4B99-A412-D237AE189441}"
EndProject
Project("{9A19103F-16F7-4668-BE54-9A1E7A4F7556}") = "NCoreEventServer.SqlStore", "src\NCoreEventServer.SqlStore\NCoreEventServer.SqlStore.csproj", "{70656775-57C4-48E4-B64A-F4D537F12C42}"
EndProject
Project("{9A19103F-16F7-4668-BE54-9A1E7A4F7556}") = "NCoreEventServer.SqlStore.Tests", "test\NCoreEventServer.SqlStore.Tests\NCoreEventServer.SqlStore.Tests.csproj", "{6FE9DDD2-D217-42FC-957B-52ECABA98AF3}"
EndProject
Project("{FAE04EC0-301F-11D3-BF4B-00C04F79EFBC}") = "NCoreEventServer.RedisStore", "src\NCoreEventServer.RedisStore\NCoreEventServer.RedisStore.csproj", "{F111E64E-2F88-4065-89B5-EDB8FF38F041}"
EndProject
Project("{FAE04EC0-301F-11D3-BF4B-00C04F79EFBC}") = "NCoreEventServer.RedisStore.Tests", "test\NCoreEventServer.RedisStore.Tests\NCoreEventServer.RedisStore.Tests.csproj", "{B18D186A-9E40-4C4D-823F-6466BB5AE998}"
EndProject
Global
	GlobalSection(SolutionConfigurationPlatforms) = preSolution
		Debug|Any CPU = Debug|Any CPU
		Release|Any CPU = Release|Any CPU
	EndGlobalSection
	GlobalSection(ProjectConfigurationPlatforms) = postSolution
		{F0335E65-8D06-4B0C-9047-85D12D976F43}.Debug|Any CPU.ActiveCfg = Debug|Any CPU
		{F0335E65-8D06-4B0C-9047-85D12D976F43}.Debug|Any CPU.Build.0 = Debug|Any CPU
		{F0335E65-8D06-4B0C-9047-85D12D976F43}.Release|Any CPU.ActiveCfg = Release|Any CPU
		{F0335E65-8D06-4B0C-9047-85D12D976F43}.Release|Any CPU.Build.0 = Release|Any CPU
		{6D28BA6C-34FA-4395-A7CD-F90DF07BDF07}.Debug|Any CPU.ActiveCfg = Debug|Any CPU
		{6D28BA6C-34FA-4395-A7CD-F90DF07BDF07}.Debug|Any CPU.Build.0 = Debug|Any CPU
		{6D28BA6C-34FA-4395-A7CD-F90DF07BDF07}.Release|Any CPU.ActiveCfg = Release|Any CPU
		{6D28BA6C-34FA-4395-A7CD-F90DF07BDF07}.Release|Any CPU.Build.0 = Release|Any CPU
		{B798E56E-C1A4-4D9A-BE34-E8B2D99EBA21}.Debug|Any CPU.ActiveCfg = Debug|Any CPU
		{B798E56E-C1A4-4D9A-BE34-E8B2D99EBA21}.Debug|Any CPU.Build.0 = Debug|Any CPU
		{B798E56E-C1A4-4D9A-BE34-E8B2D99EBA21}.Release|Any CPU.ActiveCfg = Release|Any CPU
		{B798E56E-C1A4-4D9A-BE34-E8B2D99EBA21}.Release|Any CPU.Build.0 = Release|Any CPU
		{373E3F78-FF0F-4D9C-88E4-C5B3C98959F7}.Debug|Any CPU.ActiveCfg = Debug|Any CPU
		{373E3F78-FF0F-4D9C-88E4-C5B3C98959F7}.Debug|Any CPU.Build.0 = Debug|Any CPU
		{373E3F78-FF0F-4D9C-88E4-C5B3C98959F7}.Release|Any CPU.ActiveCfg = Release|Any CPU
		{373E3F78-FF0F-4D9C-88E4-C5B3C98959F7}.Release|Any CPU.Build.0 = Release|Any CPU
		{F3EAB510-DB59-424C-8338-D6E1AE2E18EB}.Debug|Any CPU.ActiveCfg = Debug|Any CPU
		{F3EAB510-DB59-424C-8338-D6E1AE2E18EB}.Debug|Any CPU.Build.0 = Debug|Any CPU
		{F3EAB510-DB59-424C-8338-D6E1AE2E18EB}.Release|Any CPU.ActiveCfg = Release|Any CPU
		{F3EAB510-DB59-424C-8338-D6E1AE2E18EB}.Release|Any CPU.Build.0 = Release|Any CPU
		{952986EE-86DC-4B99-A412-D237AE189441}.Debug|Any CPU.ActiveCfg = Debug|Any CPU
		{952986EE-86DC-4B99-A412-D237AE189441}.Debug|Any CPU.Build.0 = Debug|Any CPU
		{952986EE-86DC-4B99-A412-D237AE189441}.Release|Any CPU.ActiveCfg = Release|Any CPU
		{952986EE-86DC-4B99-A412-D237AE189441}.Release|Any CPU.Build.0 = Release|Any CPU
		{70656775-57C4-48E4-B64A-F4D537F12C42}.Debug|Any CPU.ActiveCfg = Debug|Any CPU
		{70656775-57C4-48E4-B64A-F4D537F12C42}.Debug|Any CPU.Build.0 = Debug|Any CPU
		{70656775-57C4-48E4-B64A-F4D537F12C42}.Release|Any CPU.ActiveCfg = Release|Any CPU
		{70656775-57C4-48E4-B64A-F4D537F12C42}.Release|Any CPU.Build.0 = Release|Any CPU
		{6FE9DDD2-D217-42FC-957B-52ECABA98AF3}.Debug|Any CPU.ActiveCfg = Debug|Any CPU
		{6FE9DDD2-D217-42FC-957B-52ECABA98AF3}.Debug|Any CPU.Build.0 = Debug|Any CPU
		{6FE9DDD2-D217-42FC-957B-52ECABA98AF3}.Release|Any CPU.ActiveCfg = Release|Any CPU
		{6FE9DDD2-D217-42FC-957B-52ECABA98AF3}.Release|Any CPU.Build.0 = Release|Any CPU
		{F111E64E-2F88-4065-89B5-EDB8FF38F041}.Debug|Any CPU.ActiveCfg = Debug|Any CPU
		{F111E64E-2F88-4065-89B5-EDB8FF38F041}.Debug|Any CPU.Build.0 = Debug|Any CPU
		{F111E64E-2F88-4065-89B5-EDB8FF38F041}.Release|Any CPU.ActiveCfg = Release|Any CPU
		{F111E64E-2F88-4065-89B5-EDB8FF38F041}.Release|Any CPU.Build.0 = Release|Any CPU
		{B18D186A-9E40-4C4D-823F-6466BB5AE998}.Debug|Any CPU.ActiveCfg = Debug|Any CPU
		{B18D186A-9E40-4C4D-823F-6466BB5AE998}.Debug|Any CPU.Build.0 = Debug|Any CPU
		{B18D186A-9E40-4C4D-823F-6466BB5AE998}.Release|Any CPU.ActiveCfg = Release|Any CPU
		{B18D186A-9E40-4C4D-823F-6466BB5AE998}.Release|Any CPU.Build.0 = Release|Any CPU
	EndGlobalSection
	GlobalSection(SolutionProperties) = preSolution
		HideSolutionNode = FALSE
	EndGlobalSection
	GlobalSection(NestedProjects) = preSolution
		{6D28BA6C-34FA-4395-A7CD-F90DF07BDF07} = {1674D169-2706-456C-94BB-1543437A97F1}
		{B798E56E-C1A4-4D9A-BE34-E8B2D99EBA21} = {1674D169-2706-456C-94BB-1543437A97F1}
		{F3EAB510-DB59-424C-8338-D6E1AE2E18EB} = {45E63502-43AE-49A3-BD2B-E3867EC9EE13}
		{6FE9DDD2-D217-42FC-957B-52ECABA98AF3} = {45E63502-43AE-49A3-BD2B-E3867EC9EE13}
		{B18D186A-9E40-4C4D-823F-6466BB5AE998} = {45E63502-43AE-49A3-BD2B-E3867EC9EE13}
	EndGlobalSection
	GlobalSection(ExtensibilityGlobals) = postSolution
		SolutionGuid = {8503AAC5-D8E3-4544-875A-CF6FD2F77B96}
	EndGlobalSection
EndGlobal
